
Microsoft Visual Studio Solution File, Format Version 12.00
# Visual Studio Version 16
VisualStudioVersion = 16.0.30717.126
MinimumVisualStudioVersion = 10.0.40219.1
Project("{FAE04EC0-301F-11D3-BF4B-00C04F79EFBC}") = "arr2", "arr2.csproj", "{33B9CCAE-DFCD-401D-8105-6633B8666FE7}"
EndProject
Global
	GlobalSection(SolutionConfigurationPlatforms) = preSolution
		Debug|Any CPU = Debug|Any CPU
		Release|Any CPU = Release|Any CPU
	EndGlobalSection
	GlobalSection(ProjectConfigurationPlatforms) = postSolution
		{33B9CCAE-DFCD-401D-8105-6633B8666FE7}.Debug|Any CPU.ActiveCfg = Debug|Any CPU
		{33B9CCAE-DFCD-401D-8105-6633B8666FE7}.Debug|Any CPU.Build.0 = Debug|Any CPU
		{33B9CCAE-DFCD-401D-8105-6633B8666FE7}.Release|Any CPU.ActiveCfg = Release|Any CPU
		{33B9CCAE-DFCD-401D-8105-6633B8666FE7}.Release|Any CPU.Build.0 = Release|Any CPU
	EndGlobalSection
	GlobalSection(SolutionProperties) = preSolution
		HideSolutionNode = FALSE
	EndGlobalSection
	GlobalSection(ExtensibilityGlobals) = postSolution
		SolutionGuid = {AEDF0E9B-C82E-48A6-8A8E-7A94ECD207D9}
	EndGlobalSection
EndGlobal
